{
  "version": 4,
  "terraform_version": "1.14.0",
  "serial": 20,
  "lineage": "bd2b0817-b20a-dfb9-1925-c1452258d441",
  "outputs": {
    "agent_security_group_id": {
      "value": "sg-0013a629b0641f2a8",
      "type": "string"
    },
    "instance_profile_name": {
      "value": "jenkins-autoscaling-agent-profile",
      "type": "string"
    },
    "key_pair_name": {
      "value": "jenkins-autoscaling-key",
      "type": "string"
    },
    "launch_template_id": {
      "value": "lt-0fc50353d442eafa3",
      "type": "string"
    },
    "launch_template_name": {
      "value": "jenkins-autoscaling-agent-template",
      "type": "string"
    },
    "public_subnet_ids": {
      "value": [
        "subnet-09b8fbd85c11f8587",
        "subnet-0230934c37f6f1e1c"
      ],
      "type": [
        "tuple",
        [
          "string",
          "string"
        ]
      ]
    },
    "vpc_id": {
      "value": "vpc-078e609cfaf4f098c",
      "type": "string"
    }
  },
  "resources": [
    {
      "module": "module.iam",
      "mode": "managed",
      "type": "aws_iam_instance_profile",
      "name": "jenkins_agent",
      "provider": "provider[\"registry.terraform.io/hashicorp/aws\"]",
      "instances": [
        {
          "schema_version": 0,
          "attributes": {
            "arn": "arn:aws:iam::891612588918:instance-profile/jenkins-autoscaling-agent-profile",
            "create_date": "2025-12-09T06:32:37Z",
            "id": "jenkins-autoscaling-agent-profile",
            "name": "jenkins-autoscaling-agent-profile",
            "name_prefix": "",
            "path": "/",
            "role": "jenkins-autoscaling-agent-role",
            "tags": {
              "Name": "jenkins-autoscaling-agent-profile",
              "Project": "jenkins-autoscaling"
            },
            "tags_all": {
              "Name": "jenkins-autoscaling-agent-profile",
              "Project": "jenkins-autoscaling"
            },
            "unique_id": "AIPA47GCANN3G76RVIKQJ"
          },
          "sensitive_attributes": [],
          "identity_schema_version": 0,
          "private": "bnVsbA==",
          "dependencies": [
            "module.iam.aws_iam_role.jenkins_agent"
          ]
        }
      ]
    },
    {
      "module": "module.iam",
      "mode": "managed",
      "type": "aws_iam_policy",
      "name": "jenkins_ec2_agent",
      "provider": "provider[\"registry.terraform.io/hashicorp/aws\"]",
      "instances": [
        {
          "schema_version": 0,
          "attributes": {
            "arn": "arn:aws:iam::891612588918:policy/jenkins-autoscaling-ec2-agent-policy",
            "attachment_count": 0,
            "description": "Policy for Jenkins to manage EC2 agents",
            "id": "arn:aws:iam::891612588918:policy/jenkins-autoscaling-ec2-agent-policy",
            "name": "jenkins-autoscaling-ec2-agent-policy",
            "name_prefix": "",
            "path": "/",
            "policy": "{\"Statement\":[{\"Action\":[\"ec2:RunInstances\",\"ec2:TerminateInstances\",\"ec2:DescribeInstances\",\"ec2:DescribeTags\",\"ec2:CreateTags\",\"ec2:DescribeSecurityGroups\",\"ec2:DescribeImages\",\"ec2:DescribeKeyPairs\",\"ec2:DescribeSubnets\",\"ec2:DescribeVpcs\"],\"Effect\":\"Allow\",\"Resource\":\"*\"}],\"Version\":\"2012-10-17\"}",
            "policy_id": "ANPA47GCANN3BZZUXEMOV",
            "tags": {
              "Name": "jenkins-autoscaling-ec2-agent-policy",
              "Project": "jenkins-autoscaling"
            },
            "tags_all": {
              "Name": "jenkins-autoscaling-ec2-agent-policy",
              "Project": "jenkins-autoscaling"
            }
          },
          "sensitive_attributes": [],
          "identity_schema_version": 0,
          "private": "bnVsbA=="
        }
      ]
    },
    {
      "module": "module.iam",
      "mode": "managed",
      "type": "aws_iam_role",
      "name": "jenkins_agent",
      "provider": "provider[\"registry.terraform.io/hashicorp/aws\"]",
      "instances": [
        {
          "schema_version": 0,
          "attributes": {
            "arn": "arn:aws:iam::891612588918:role/jenkins-autoscaling-agent-role",
            "assume_role_policy": "{\"Statement\":[{\"Action\":\"sts:AssumeRole\",\"Effect\":\"Allow\",\"Principal\":{\"Service\":\"ec2.amazonaws.com\"}}],\"Version\":\"2012-10-17\"}",
            "create_date": "2025-12-09T06:32:36Z",
            "description": "",
            "force_detach_policies": false,
            "id": "jenkins-autoscaling-agent-role",
            "inline_policy": [],
            "managed_policy_arns": [],
            "max_session_duration": 3600,
            "name": "jenkins-autoscaling-agent-role",
            "name_prefix": "",
            "path": "/",
            "permissions_boundary": "",
            "tags": {
              "Name": "jenkins-autoscaling-agent-role",
              "Project": "jenkins-autoscaling"
            },
            "tags_all": {
              "Name": "jenkins-autoscaling-agent-role",
              "Project": "jenkins-autoscaling"
            },
            "unique_id": "AROA47GCANN3MS73SX27H"
          },
          "sensitive_attributes": [],
          "identity_schema_version": 0,
          "private": "bnVsbA=="
        }
      ]
    },
    {
      "module": "module.iam",
      "mode": "managed",
      "type": "aws_iam_role_policy_attachment",
      "name": "jenkins_agent",
      "provider": "provider[\"registry.terraform.io/hashicorp/aws\"]",
      "instances": [
        {
          "schema_version": 0,
          "attributes": {
            "id": "jenkins-autoscaling-agent-role-20251209063236141900000001",
            "policy_arn": "arn:aws:iam::891612588918:policy/jenkins-autoscaling-ec2-agent-policy",
            "role": "jenkins-autoscaling-agent-role"
          },
          "sensitive_attributes": [],
          "identity_schema_version": 0,
          "private": "bnVsbA==",
          "dependencies": [
            "module.iam.aws_iam_policy.jenkins_ec2_agent",
            "module.iam.aws_iam_role.jenkins_agent"
          ]
        }
      ]
    },
    {
      "module": "module.keypair",
      "mode": "managed",
      "type": "aws_key_pair",
      "name": "jenkins_key",
      "provider": "provider[\"registry.terraform.io/hashicorp/aws\"]",
      "instances": [
        {
          "schema_version": 1,
          "attributes": {
            "arn": "arn:aws:ec2:ap-south-1:891612588918:key-pair/jenkins-autoscaling-key",
            "fingerprint": "27:00:73:b3:67:ed:1d:28:10:f8:f7:63:dd:5a:09:4f",
            "id": "jenkins-autoscaling-key",
            "key_name": "jenkins-autoscaling-key",
            "key_name_prefix": "",
            "key_pair_id": "key-0579b58848a92dfa1",
            "key_type": "rsa",
            "public_key": "ssh-rsa AAAAB3NzaC1yc2EAAAADAQABAAACAQCnqHyBAKqWJOFhnApciALIWP6LLkqbm7JFt9/oj7mkwVRU0bsBsvKW+/misgFnXzOsy4516Od2Jy8jCaM4W1mwRzVceJnWp7oorV6sv4fmygSFbIEK4RlUk9V/KFJxrJFWy6kaGyHyYYbFZfUxjZ1t59e6CrYVEDk7RsaJsvepBX5mdFZhIVLjF7PoiUEj/+j/TTmHiBK43QZXxtY1noXRZs4gm5sncB/LHYVCc3KDx9jnk5wJU3u2MugdiyEBLC49L8T0FEJ5QjlbfkZYBe7WLAh6vPyDyHpJwIh0QNUwYJg5jKxjUCCiCgowJF+akxRWbsm7grQhJQZWmZRwXzRYuIRk3T0C1nXn4nraodE8EpXMkdojEdz2lMcU2alTRi89379YaiYLqsfIE5MDWntZpiXYsFSswIS75xHV6qkRx9/L7ZQAddoEXhk2EkZLcMHnJUQTho4t1f5Dm7CmIkEyE/qGlHC/t7zDdabtrHXnDPCz2p/yNa9T0YMxBjI+s0Qx9IC6QVRR6HBpzkE/+QMTRht6tIWXAo3HZgFI8xSSvpjmivQpz7dKKZY4SSX+qDQbITynLK9o0N+kKr0F2qGsjiXT5RtavyorE1mXsSgBkVl2ubfotjZ1+x8JJ6SILCIBOU9KsRoglPsQUAywfX8X73Y5Y4OrurWrWirkXynsLQ==",
            "tags": {
              "Name": "jenkins-autoscaling-key",
              "Project": "jenkins-autoscaling"
            },
            "tags_all": {
              "Name": "jenkins-autoscaling-key",
              "Project": "jenkins-autoscaling"
            }
          },
          "sensitive_attributes": [],
          "identity_schema_version": 0,
          "private": "eyJzY2hlbWFfdmVyc2lvbiI6IjEifQ==",
          "dependencies": [
            "module.keypair.tls_private_key.jenkins_key"
          ]
        }
      ]
    },
    {
      "module": "module.keypair",
      "mode": "managed",
      "type": "local_file",
      "name": "private_key",
      "provider": "provider[\"registry.terraform.io/hashicorp/local\"]",
      "instances": [
        {
          "schema_version": 0,
          "attributes": {
            "content": "-----BEGIN RSA PRIVATE KEY-----\nMIIJKAIBAAKCAgEAp6h8gQCqliThYZwKXIgCyFj+iy5Km5uyRbff6I+5pMFUVNG7\nAbLylvv5orIBZ18zrMuOdejndicvIwmjOFtZsEc1XHiZ1qe6KK1erL+H5soEhWyB\nCuEZVJPVfyhScayRVsupGhsh8mGGxWX1MY2dbefXugq2FRA5O0bGibL3qQV+ZnRW\nYSFS4xez6IlBI//o/005h4gSuN0GV8bWNZ6F0WbOIJubJ3Afyx2FQnNyg8fY55Oc\nCVN7tjLoHYshASwuPS/E9BRCeUI5W35GWAXu1iwIerz8g8h6ScCIdEDVMGCYOYys\nY1AgogoKMCRfmpMUVm7Ju4K0ISUGVpmUcF80WLiEZN09AtZ15+J62qHRPBKVzJHa\nIxHc9pTHFNmpU0YvPd+/WGomC6rHyBOTA1p7WaYl2LBUrMCEu+cR1eqpEcffy+2U\nAHXaBF4ZNhJGS3DB5yVEE4aOLdX+Q5uwpiJBMhP6hpRwv7e8w3Wm7ax15wzws9qf\n8jWvU9GDMQYyPrNEMfSAukFUUehwac5BP/kDE0YberSFlwKNx2YBSPMUkr6Y5or0\nKc+3SimWOEkl/qg0GyE8pyyvaNDfpCq9BdqhrI4l0+UbWr8qKxNZl7EoAZFZdrm3\n6LY2dfsfCSekiCwiATlPSrEaIJT7EFAMsH1/F+92OWODq7q1q1oq5F8p7C0CAwEA\nAQKCAgANiHIUT6N1XyC6KkhD0861sUlKnr/y84xeSEtQkFlhzSErf4pixrkCKvCp\ni0jFuU+IgR3MsrIMPXl2kI6WO/lvWzAZeLqiMwO5yNS9iPBFVsUqp+l6oVTUGOLA\n0tZkypMouGO78bi5wdmJEYPLLi0o8+/b2oV8CcU03a+k6cdH42OijX1zdaclIYKq\nIHobl8qM4QTlxbwNI/ohF7Guvk766ht1UlohwtEuKgHZrUvvCzCc8LNFpXF08YL+\n734IhDJvSe3R7di3xPqwQe8Xp9Lxgrhkf+C6GnKUhW/+QkVzFDj1XD+F/K/FpJ3R\n6P22kmyv1V1/Pzue+UgbsWXj9CtbZH0vtYs1X5jHkKAd+84vC7c6bBNXBswC8OYk\n4WdE4iLNmyjVz+TjuwJvNq/Dj/KbQLC7Rrs6zC/Tre2vKgLvImML/CRw2cSJC+fZ\nJ50l0CPLmSlejgH0QcLqba+hMlxELK2/QKfv25/24RhdRb1Nhg1xpjz1Z5SIquIv\nCPzKjLMzWwIsfJTVb+gXVoiKPm/muKLkB5o1kw3vw/iu4FVCJ9s03D17bgAZibPA\n+7WkP8p7TmY6F3MrDadh4+Admot0ie34qGrf+7ivI+Q0BBIgBomEKBC0FJRjJfCY\noujSWhzszQnRtBIql7zcwhsNpZOjN5REdDLMqHmeDFF+ll5JmQKCAQEA2Y5JQeJN\nxGKgXHmhRYM4FHRoH8ehc76bbSbK1tA4xuic/UR7/xaNYmyCdcUUerU1FnMPS8Zc\nDfC2Qh4NmlK0q8ulAkevCceRj7rsg+6bFscnPaI9vZ+XuXWfqVVHklKDqG6K0fU8\noVijnaSftTV9pJlwmh44/sNkQqhdArmnawrtWwp/o8F3HQjCQ1t+3wbVB/0Bmc3q\ndq7TfijlIFpG3aevtBS0tZL5O7hRR7SCI7X6cL3Ed0JNQ6rBzMA0dJcfoHukXDjc\nksy0Y51+KIa1AGsbySDXkAFcKmBmbmonEEeTxGDGrCOb6AsODWhFNd4/4eG4dfVu\nhUQVMkt5urqaYwKCAQEAxUjyiLoYJBH3BqY3I2LhWRisx1pEu33M1bE8xfZRsbd+\nbjfWepvy0X6vWYXQsNMN2b2g3YOxBzxv1LLh+hiO/M7VwSzpRRjMBZcMtBMYVaSf\nVpltrEIyb2xF11nHMFVYhlxFZQaqgC/uoAGb+Htj7AUzyBM18jTNzsoWi8E0AQBC\nEqlCg/VJGF921CuxeLtv3jj11pF7tHK0tWXZwa/R37cCy4hE1KwIchx9cAo3ohLu\nm7WLz2aZPMGJdNQxYPUC8NWEfo0bnatuh09Q+qM660FEgXAOFjcMu8Efy6TIhzlt\ndWK4YtogsyiCEXvgprUIrX8D9EUfuVmnrV0AYKRcLwKCAQEAtMjkX3drIFLE55O7\nTERqibTiAeamZ8Rw7BdcX33QcJpEOsJ6N9PJ0YxSLQOErSN/5hPfFhzTylHJYtAO\nhbtMn6YujOJ8tie88i9m84uIHTmJhlIX9Ed2kYsJDnHrc9BVz9VsTmT36Sv7ariu\nbqrwqaNISwnqWuqLmkjGYcldMjp2Wz0yLCZMkTgCFm8l0reet3Crr9/Jgq5s2V2q\naWQbl34NKBw8vtZPfi0AfhGmQ36pip5ncKMMCbsQKNFfxbL/eSDFyE0IHoU1McJi\nX9Lw/lQDVvOPrf8zU5OgCwjzRTf1ty6kac99cyocl0+ak9UISPCFlKBLIzscUhse\nIOmH+QKCAQAxKG4Wl5gwVLGi3IPcs2THWJiky99YgI4rqRAlm6zbhYdhW1R8FKO6\ng8CZo/hONyi6Wr/cslXIIc0TyMb6FGh8oeUtT02IxBcCRZMKw79Kh8yUPYLQa2Y5\n0VbNxDcX2gxG3nMEK1cMveTNxdjhX42UX+95KSBGC9ZEcqKPjEKzBSdxku9aBiKC\nijcHwyNjnADR9It9PZ7/ZZ2VnZ1W38KB5g4yPPA5tewc0vCGnGUkY2dFMUV3Fm+U\nbf0cOUtch3CGJg3voqWA8hiGasMY0Nd7izXQsuUvr+PiXMrZaWP2Hd8iYsjjCMsh\nGTTfumhN4coZwQ5xLVAsVSSs1AGmEw5NAoIBAHEak3p8eUImXu9vnwdTgCpQvcCl\naaA64jrWYItYqcU1RtzjMGMVgHWQ8dB+sqoi4vxtMemZjCK8vQBJi59Pjatr/Zwd\n82BB30YYzjf2ULNr5Nurw+7NJWm3cNo1RZ+SS8PdtgdTwxlQUDXmVdBjnpuBqIad\nn5lXbcB8aSKqiQ22rI9yWpEQDHkS4ZzWvbrycBrdyc8aem8ncQnHxsw6VWW8qbZH\n1HV4npLt72F7wo+lugHX/CufJeZrMWC+DrEfJvT+l/lwM/GX0im20IequzSJJAYG\nCoaIcKwPkFTAqq0DX/r9KFUG62ncgynGlA2dOfW3gibX0B3+ecFmRmwHLrA=\n-----END RSA PRIVATE KEY-----\n",
            "content_base64": null,
            "content_base64sha256": "u+Ox4VnBOAFL/O4hkedGCiPjEGQ1fyQnMAN/cmi2tkg=",
            "content_base64sha512": "iguwnYBESpdrnXv1XjOIdIR7kFjRlyX4gHg0G8l4Vheso8VarEZybHq0iaGwMytNIIBG+NvaAF+Tg35/PjQIYg==",
            "content_md5": "4fe7bbb02debce952822ab3107380c32",
            "content_sha1": "1f241f56ab02818b2d2fb43bd77e353ef25fb5a0",
            "content_sha256": "bbe3b1e159c138014bfcee2191e7460a23e31064357f242730037f7268b6b648",
            "content_sha512": "8a0bb09d80444a976b9d7bf55e338874847b9058d19725f88078341bc9785617aca3c55aac46726c7ab489a1b0332b4d208046f8dbda005f93837e7f3e340862",
            "directory_permission": "0777",
            "file_permission": "0600",
            "filename": "./jenkins-key.pem",
            "id": "1f241f56ab02818b2d2fb43bd77e353ef25fb5a0",
            "sensitive_content": null,
            "source": null
          },
          "sensitive_attributes": [
            [
              {
                "type": "get_attr",
                "value": "content"
              }
            ],
            [
              {
                "type": "get_attr",
                "value": "sensitive_content"
              }
            ]
          ],
          "identity_schema_version": 0,
          "dependencies": [
            "module.keypair.tls_private_key.jenkins_key"
          ]
        }
      ]
    },
    {
      "module": "module.keypair",
      "mode": "managed",
      "type": "tls_private_key",
      "name": "jenkins_key",
      "provider": "provider[\"registry.terraform.io/hashicorp/tls\"]",
      "instances": [
        {
          "schema_version": 1,
          "attributes": {
            "algorithm": "RSA",
            "ecdsa_curve": "P224",
            "id": "38009665ad64e0d70fe09c7ebe51ba66e4d29a95",
            "private_key_openssh": "-----BEGIN OPENSSH PRIVATE KEY-----\nb3BlbnNzaC1rZXktdjEAAAAABG5vbmUAAAAEbm9uZQAAAAAAAAABAAACFwAAAAdz\nc2gtcnNhAAAAAwEAAQAAAgEAp6h8gQCqliThYZwKXIgCyFj+iy5Km5uyRbff6I+5\npMFUVNG7AbLylvv5orIBZ18zrMuOdejndicvIwmjOFtZsEc1XHiZ1qe6KK1erL+H\n5soEhWyBCuEZVJPVfyhScayRVsupGhsh8mGGxWX1MY2dbefXugq2FRA5O0bGibL3\nqQV+ZnRWYSFS4xez6IlBI//o/005h4gSuN0GV8bWNZ6F0WbOIJubJ3Afyx2FQnNy\ng8fY55OcCVN7tjLoHYshASwuPS/E9BRCeUI5W35GWAXu1iwIerz8g8h6ScCIdEDV\nMGCYOYysY1AgogoKMCRfmpMUVm7Ju4K0ISUGVpmUcF80WLiEZN09AtZ15+J62qHR\nPBKVzJHaIxHc9pTHFNmpU0YvPd+/WGomC6rHyBOTA1p7WaYl2LBUrMCEu+cR1eqp\nEcffy+2UAHXaBF4ZNhJGS3DB5yVEE4aOLdX+Q5uwpiJBMhP6hpRwv7e8w3Wm7ax1\n5wzws9qf8jWvU9GDMQYyPrNEMfSAukFUUehwac5BP/kDE0YberSFlwKNx2YBSPMU\nkr6Y5or0Kc+3SimWOEkl/qg0GyE8pyyvaNDfpCq9BdqhrI4l0+UbWr8qKxNZl7Eo\nAZFZdrm36LY2dfsfCSekiCwiATlPSrEaIJT7EFAMsH1/F+92OWODq7q1q1oq5F8p\n7C0AAAc4dS+XUHUvl1AAAAAHc3NoLXJzYQAAAgEAp6h8gQCqliThYZwKXIgCyFj+\niy5Km5uyRbff6I+5pMFUVNG7AbLylvv5orIBZ18zrMuOdejndicvIwmjOFtZsEc1\nXHiZ1qe6KK1erL+H5soEhWyBCuEZVJPVfyhScayRVsupGhsh8mGGxWX1MY2dbefX\nugq2FRA5O0bGibL3qQV+ZnRWYSFS4xez6IlBI//o/005h4gSuN0GV8bWNZ6F0WbO\nIJubJ3Afyx2FQnNyg8fY55OcCVN7tjLoHYshASwuPS/E9BRCeUI5W35GWAXu1iwI\nerz8g8h6ScCIdEDVMGCYOYysY1AgogoKMCRfmpMUVm7Ju4K0ISUGVpmUcF80WLiE\nZN09AtZ15+J62qHRPBKVzJHaIxHc9pTHFNmpU0YvPd+/WGomC6rHyBOTA1p7WaYl\n2LBUrMCEu+cR1eqpEcffy+2UAHXaBF4ZNhJGS3DB5yVEE4aOLdX+Q5uwpiJBMhP6\nhpRwv7e8w3Wm7ax15wzws9qf8jWvU9GDMQYyPrNEMfSAukFUUehwac5BP/kDE0Yb\nerSFlwKNx2YBSPMUkr6Y5or0Kc+3SimWOEkl/qg0GyE8pyyvaNDfpCq9BdqhrI4l\n0+UbWr8qKxNZl7EoAZFZdrm36LY2dfsfCSekiCwiATlPSrEaIJT7EFAMsH1/F+92\nOWODq7q1q1oq5F8p7C0AAAADAQABAAACAA2IchRPo3VfILoqSEPTzrWxSUqev/Lz\njF5IS1CQWWHNISt/imLGuQIq8KmLSMW5T4iBHcyysgw9eXaQjpY7+W9bMBl4uqIz\nA7nI1L2I8EVWxSqn6XqhVNQY4sDS1mTKkyi4Y7vxuLnB2YkRg8suLSjz79vahXwJ\nxTTdr6Tpx0fjY6KNfXN1pyUhgqogehuXyozhBOXFvA0j+iEXsa6+TvrqG3VSWiHC\n0S4qAdmtS+8LMJzws0WlcXTxgv7vfgiEMm9J7dHt2LfE+rBB7xen0vGCuGR/4Loa\ncpSFb/5CRXMUOPVcP4X8r8WkndHo/baSbK/VXX8/O575SBuxZeP0K1tkfS+1izVf\nmMeQoB37zi8LtzpsE1cGzALw5iThZ0TiIs2bKNXP5OO7Am82r8OP8ptAsLtGuzrM\nL9Ot7a8qAu8iYwv8JHDZxIkL59knnSXQI8uZKV6OAfRBwuptr6EyXEQsrb9Ap+/b\nn/bhGF1FvU2GDXGmPPVnlIiq4i8I/MqMszNbAix8lNVv6BdWiIo+b+a4ouQHmjWT\nDe/D+K7gVUIn2zTcPXtuABmJs8D7taQ/yntOZjoXcysNp2Hj4B2ai3SJ7fioat/7\nuK8j5DQEEiAGiYQoELQUlGMl8Jii6NJaHOzNCdG0EiqXvNzCGw2lk6M3lER0Msyo\neZ4MUX6WXkmZAAABAHEak3p8eUImXu9vnwdTgCpQvcClaaA64jrWYItYqcU1Rtzj\nMGMVgHWQ8dB+sqoi4vxtMemZjCK8vQBJi59Pjatr/Zwd82BB30YYzjf2ULNr5Nur\nw+7NJWm3cNo1RZ+SS8PdtgdTwxlQUDXmVdBjnpuBqIadn5lXbcB8aSKqiQ22rI9y\nWpEQDHkS4ZzWvbrycBrdyc8aem8ncQnHxsw6VWW8qbZH1HV4npLt72F7wo+lugHX\n/CufJeZrMWC+DrEfJvT+l/lwM/GX0im20IequzSJJAYGCoaIcKwPkFTAqq0DX/r9\nKFUG62ncgynGlA2dOfW3gibX0B3+ecFmRmwHLrAAAAEBANmOSUHiTcRioFx5oUWD\nOBR0aB/HoXO+m20mytbQOMbonP1Ee/8WjWJsgnXFFHq1NRZzD0vGXA3wtkIeDZpS\ntKvLpQJHrwnHkY+67IPumxbHJz2iPb2fl7l1n6lVR5JSg6huitH1PKFYo52kn7U1\nfaSZcJoeOP7DZEKoXQK5p2sK7VsKf6PBdx0IwkNbft8G1Qf9AZnN6nau034o5SBa\nRt2nr7QUtLWS+Tu4UUe0giO1+nC9xHdCTUOqwczANHSXH6B7pFw43JLMtGOdfiiG\ntQBrG8kg15ABXCpgZm5qJxBHk8Rgxqwjm+gLDg1oRTXeP+HhuHX1boVEFTJLebq6\nmmMAAAEBAMVI8oi6GCQR9wamNyNi4VkYrMdaRLt9zNWxPMX2UbG3fm431nqb8tF+\nr1mF0LDTDdm9oN2DsQc8b9Sy4foYjvzO1cEs6UUYzAWXDLQTGFWkn1aZbaxCMm9s\nRddZxzBVWIZcRWUGqoAv7qABm/h7Y+wFM8gTNfI0zc7KFovBNAEAQhKpQoP1SRhf\ndtQrsXi7b9449daRe7RytLVl2cGv0d+3AsuIRNSsCHIcfXAKN6IS7pu1i89mmTzB\niXTUMWD1AvDVhH6NG52rbodPUPqjOutBRIFwDhY3DLvBH8ukyIc5bXViuGLaILMo\nghF74Ka1CK1/A/RFH7lZp61dAGCkXC8AAAAAAQID\n-----END OPENSSH PRIVATE KEY-----\n",
            "private_key_pem": "-----BEGIN RSA PRIVATE KEY-----\nMIIJKAIBAAKCAgEAp6h8gQCqliThYZwKXIgCyFj+iy5Km5uyRbff6I+5pMFUVNG7\nAbLylvv5orIBZ18zrMuOdejndicvIwmjOFtZsEc1XHiZ1qe6KK1erL+H5soEhWyB\nCuEZVJPVfyhScayRVsupGhsh8mGGxWX1MY2dbefXugq2FRA5O0bGibL3qQV+ZnRW\nYSFS4xez6IlBI//o/005h4gSuN0GV8bWNZ6F0WbOIJubJ3Afyx2FQnNyg8fY55Oc\nCVN7tjLoHYshASwuPS/E9BRCeUI5W35GWAXu1iwIerz8g8h6ScCIdEDVMGCYOYys\nY1AgogoKMCRfmpMUVm7Ju4K0ISUGVpmUcF80WLiEZN09AtZ15+J62qHRPBKVzJHa\nIxHc9pTHFNmpU0YvPd+/WGomC6rHyBOTA1p7WaYl2LBUrMCEu+cR1eqpEcffy+2U\nAHXaBF4ZNhJGS3DB5yVEE4aOLdX+Q5uwpiJBMhP6hpRwv7e8w3Wm7ax15wzws9qf\n8jWvU9GDMQYyPrNEMfSAukFUUehwac5BP/kDE0YberSFlwKNx2YBSPMUkr6Y5or0\nKc+3SimWOEkl/qg0GyE8pyyvaNDfpCq9BdqhrI4l0+UbWr8qKxNZl7EoAZFZdrm3\n6LY2dfsfCSekiCwiATlPSrEaIJT7EFAMsH1/F+92OWODq7q1q1oq5F8p7C0CAwEA\nAQKCAgANiHIUT6N1XyC6KkhD0861sUlKnr/y84xeSEtQkFlhzSErf4pixrkCKvCp\ni0jFuU+IgR3MsrIMPXl2kI6WO/lvWzAZeLqiMwO5yNS9iPBFVsUqp+l6oVTUGOLA\n0tZkypMouGO78bi5wdmJEYPLLi0o8+/b2oV8CcU03a+k6cdH42OijX1zdaclIYKq\nIHobl8qM4QTlxbwNI/ohF7Guvk766ht1UlohwtEuKgHZrUvvCzCc8LNFpXF08YL+\n734IhDJvSe3R7di3xPqwQe8Xp9Lxgrhkf+C6GnKUhW/+QkVzFDj1XD+F/K/FpJ3R\n6P22kmyv1V1/Pzue+UgbsWXj9CtbZH0vtYs1X5jHkKAd+84vC7c6bBNXBswC8OYk\n4WdE4iLNmyjVz+TjuwJvNq/Dj/KbQLC7Rrs6zC/Tre2vKgLvImML/CRw2cSJC+fZ\nJ50l0CPLmSlejgH0QcLqba+hMlxELK2/QKfv25/24RhdRb1Nhg1xpjz1Z5SIquIv\nCPzKjLMzWwIsfJTVb+gXVoiKPm/muKLkB5o1kw3vw/iu4FVCJ9s03D17bgAZibPA\n+7WkP8p7TmY6F3MrDadh4+Admot0ie34qGrf+7ivI+Q0BBIgBomEKBC0FJRjJfCY\noujSWhzszQnRtBIql7zcwhsNpZOjN5REdDLMqHmeDFF+ll5JmQKCAQEA2Y5JQeJN\nxGKgXHmhRYM4FHRoH8ehc76bbSbK1tA4xuic/UR7/xaNYmyCdcUUerU1FnMPS8Zc\nDfC2Qh4NmlK0q8ulAkevCceRj7rsg+6bFscnPaI9vZ+XuXWfqVVHklKDqG6K0fU8\noVijnaSftTV9pJlwmh44/sNkQqhdArmnawrtWwp/o8F3HQjCQ1t+3wbVB/0Bmc3q\ndq7TfijlIFpG3aevtBS0tZL5O7hRR7SCI7X6cL3Ed0JNQ6rBzMA0dJcfoHukXDjc\nksy0Y51+KIa1AGsbySDXkAFcKmBmbmonEEeTxGDGrCOb6AsODWhFNd4/4eG4dfVu\nhUQVMkt5urqaYwKCAQEAxUjyiLoYJBH3BqY3I2LhWRisx1pEu33M1bE8xfZRsbd+\nbjfWepvy0X6vWYXQsNMN2b2g3YOxBzxv1LLh+hiO/M7VwSzpRRjMBZcMtBMYVaSf\nVpltrEIyb2xF11nHMFVYhlxFZQaqgC/uoAGb+Htj7AUzyBM18jTNzsoWi8E0AQBC\nEqlCg/VJGF921CuxeLtv3jj11pF7tHK0tWXZwa/R37cCy4hE1KwIchx9cAo3ohLu\nm7WLz2aZPMGJdNQxYPUC8NWEfo0bnatuh09Q+qM660FEgXAOFjcMu8Efy6TIhzlt\ndWK4YtogsyiCEXvgprUIrX8D9EUfuVmnrV0AYKRcLwKCAQEAtMjkX3drIFLE55O7\nTERqibTiAeamZ8Rw7BdcX33QcJpEOsJ6N9PJ0YxSLQOErSN/5hPfFhzTylHJYtAO\nhbtMn6YujOJ8tie88i9m84uIHTmJhlIX9Ed2kYsJDnHrc9BVz9VsTmT36Sv7ariu\nbqrwqaNISwnqWuqLmkjGYcldMjp2Wz0yLCZMkTgCFm8l0reet3Crr9/Jgq5s2V2q\naWQbl34NKBw8vtZPfi0AfhGmQ36pip5ncKMMCbsQKNFfxbL/eSDFyE0IHoU1McJi\nX9Lw/lQDVvOPrf8zU5OgCwjzRTf1ty6kac99cyocl0+ak9UISPCFlKBLIzscUhse\nIOmH+QKCAQAxKG4Wl5gwVLGi3IPcs2THWJiky99YgI4rqRAlm6zbhYdhW1R8FKO6\ng8CZo/hONyi6Wr/cslXIIc0TyMb6FGh8oeUtT02IxBcCRZMKw79Kh8yUPYLQa2Y5\n0VbNxDcX2gxG3nMEK1cMveTNxdjhX42UX+95KSBGC9ZEcqKPjEKzBSdxku9aBiKC\nijcHwyNjnADR9It9PZ7/ZZ2VnZ1W38KB5g4yPPA5tewc0vCGnGUkY2dFMUV3Fm+U\nbf0cOUtch3CGJg3voqWA8hiGasMY0Nd7izXQsuUvr+PiXMrZaWP2Hd8iYsjjCMsh\nGTTfumhN4coZwQ5xLVAsVSSs1AGmEw5NAoIBAHEak3p8eUImXu9vnwdTgCpQvcCl\naaA64jrWYItYqcU1RtzjMGMVgHWQ8dB+sqoi4vxtMemZjCK8vQBJi59Pjatr/Zwd\n82BB30YYzjf2ULNr5Nurw+7NJWm3cNo1RZ+SS8PdtgdTwxlQUDXmVdBjnpuBqIad\nn5lXbcB8aSKqiQ22rI9yWpEQDHkS4ZzWvbrycBrdyc8aem8ncQnHxsw6VWW8qbZH\n1HV4npLt72F7wo+lugHX/CufJeZrMWC+DrEfJvT+l/lwM/GX0im20IequzSJJAYG\nCoaIcKwPkFTAqq0DX/r9KFUG62ncgynGlA2dOfW3gibX0B3+ecFmRmwHLrA=\n-----END RSA PRIVATE KEY-----\n",
            "private_key_pem_pkcs8": "-----BEGIN PRIVATE KEY-----\nMIIJQgIBADANBgkqhkiG9w0BAQEFAASCCSwwggkoAgEAAoICAQCnqHyBAKqWJOFh\nnApciALIWP6LLkqbm7JFt9/oj7mkwVRU0bsBsvKW+/misgFnXzOsy4516Od2Jy8j\nCaM4W1mwRzVceJnWp7oorV6sv4fmygSFbIEK4RlUk9V/KFJxrJFWy6kaGyHyYYbF\nZfUxjZ1t59e6CrYVEDk7RsaJsvepBX5mdFZhIVLjF7PoiUEj/+j/TTmHiBK43QZX\nxtY1noXRZs4gm5sncB/LHYVCc3KDx9jnk5wJU3u2MugdiyEBLC49L8T0FEJ5Qjlb\nfkZYBe7WLAh6vPyDyHpJwIh0QNUwYJg5jKxjUCCiCgowJF+akxRWbsm7grQhJQZW\nmZRwXzRYuIRk3T0C1nXn4nraodE8EpXMkdojEdz2lMcU2alTRi89379YaiYLqsfI\nE5MDWntZpiXYsFSswIS75xHV6qkRx9/L7ZQAddoEXhk2EkZLcMHnJUQTho4t1f5D\nm7CmIkEyE/qGlHC/t7zDdabtrHXnDPCz2p/yNa9T0YMxBjI+s0Qx9IC6QVRR6HBp\nzkE/+QMTRht6tIWXAo3HZgFI8xSSvpjmivQpz7dKKZY4SSX+qDQbITynLK9o0N+k\nKr0F2qGsjiXT5RtavyorE1mXsSgBkVl2ubfotjZ1+x8JJ6SILCIBOU9KsRoglPsQ\nUAywfX8X73Y5Y4OrurWrWirkXynsLQIDAQABAoICAA2IchRPo3VfILoqSEPTzrWx\nSUqev/LzjF5IS1CQWWHNISt/imLGuQIq8KmLSMW5T4iBHcyysgw9eXaQjpY7+W9b\nMBl4uqIzA7nI1L2I8EVWxSqn6XqhVNQY4sDS1mTKkyi4Y7vxuLnB2YkRg8suLSjz\n79vahXwJxTTdr6Tpx0fjY6KNfXN1pyUhgqogehuXyozhBOXFvA0j+iEXsa6+Tvrq\nG3VSWiHC0S4qAdmtS+8LMJzws0WlcXTxgv7vfgiEMm9J7dHt2LfE+rBB7xen0vGC\nuGR/4LoacpSFb/5CRXMUOPVcP4X8r8WkndHo/baSbK/VXX8/O575SBuxZeP0K1tk\nfS+1izVfmMeQoB37zi8LtzpsE1cGzALw5iThZ0TiIs2bKNXP5OO7Am82r8OP8ptA\nsLtGuzrML9Ot7a8qAu8iYwv8JHDZxIkL59knnSXQI8uZKV6OAfRBwuptr6EyXEQs\nrb9Ap+/bn/bhGF1FvU2GDXGmPPVnlIiq4i8I/MqMszNbAix8lNVv6BdWiIo+b+a4\nouQHmjWTDe/D+K7gVUIn2zTcPXtuABmJs8D7taQ/yntOZjoXcysNp2Hj4B2ai3SJ\n7fioat/7uK8j5DQEEiAGiYQoELQUlGMl8Jii6NJaHOzNCdG0EiqXvNzCGw2lk6M3\nlER0MsyoeZ4MUX6WXkmZAoIBAQDZjklB4k3EYqBceaFFgzgUdGgfx6FzvpttJsrW\n0DjG6Jz9RHv/Fo1ibIJ1xRR6tTUWcw9LxlwN8LZCHg2aUrSry6UCR68Jx5GPuuyD\n7psWxyc9oj29n5e5dZ+pVUeSUoOoborR9TyhWKOdpJ+1NX2kmXCaHjj+w2RCqF0C\nuadrCu1bCn+jwXcdCMJDW37fBtUH/QGZzep2rtN+KOUgWkbdp6+0FLS1kvk7uFFH\ntIIjtfpwvcR3Qk1DqsHMwDR0lx+ge6RcONySzLRjnX4ohrUAaxvJINeQAVwqYGZu\naicQR5PEYMasI5voCw4NaEU13j/h4bh19W6FRBUyS3m6uppjAoIBAQDFSPKIuhgk\nEfcGpjcjYuFZGKzHWkS7fczVsTzF9lGxt35uN9Z6m/LRfq9ZhdCw0w3ZvaDdg7EH\nPG/UsuH6GI78ztXBLOlFGMwFlwy0ExhVpJ9WmW2sQjJvbEXXWccwVViGXEVlBqqA\nL+6gAZv4e2PsBTPIEzXyNM3OyhaLwTQBAEISqUKD9UkYX3bUK7F4u2/eOPXWkXu0\ncrS1ZdnBr9HftwLLiETUrAhyHH1wCjeiEu6btYvPZpk8wYl01DFg9QLw1YR+jRud\nq26HT1D6ozrrQUSBcA4WNwy7wR/LpMiHOW11Yrhi2iCzKIIRe+CmtQitfwP0RR+5\nWaetXQBgpFwvAoIBAQC0yORfd2sgUsTnk7tMRGqJtOIB5qZnxHDsF1xffdBwmkQ6\nwno308nRjFItA4StI3/mE98WHNPKUcli0A6Fu0yfpi6M4ny2J7zyL2bzi4gdOYmG\nUhf0R3aRiwkOcetz0FXP1WxOZPfpK/tquK5uqvCpo0hLCepa6ouaSMZhyV0yOnZb\nPTIsJkyROAIWbyXSt563cKuv38mCrmzZXappZBuXfg0oHDy+1k9+LQB+EaZDfqmK\nnmdwowwJuxAo0V/Fsv95IMXITQgehTUxwmJf0vD+VANW84+t/zNTk6ALCPNFN/W3\nLqRpz31zKhyXT5qT1QhI8IWUoEsjOxxSGx4g6Yf5AoIBADEobhaXmDBUsaLcg9yz\nZMdYmKTL31iAjiupECWbrNuFh2FbVHwUo7qDwJmj+E43KLpav9yyVcghzRPIxvoU\naHyh5S1PTYjEFwJFkwrDv0qHzJQ9gtBrZjnRVs3ENxfaDEbecwQrVwy95M3F2OFf\njZRf73kpIEYL1kRyoo+MQrMFJ3GS71oGIoKKNwfDI2OcANH0i309nv9lnZWdnVbf\nwoHmDjI88Dm17BzS8IacZSRjZ0UxRXcWb5Rt/Rw5S1yHcIYmDe+ipYDyGIZqwxjQ\n13uLNdCy5S+v4+JcytlpY/Yd3yJiyOMIyyEZNN+6aE3hyhnBDnEtUCxVJKzUAaYT\nDk0CggEAcRqTenx5QiZe72+fB1OAKlC9wKVpoDriOtZgi1ipxTVG3OMwYxWAdZDx\n0H6yqiLi/G0x6ZmMIry9AEmLn0+Nq2v9nB3zYEHfRhjON/ZQs2vk26vD7s0labdw\n2jVFn5JLw922B1PDGVBQNeZV0GOem4Gohp2fmVdtwHxpIqqJDbasj3JakRAMeRLh\nnNa9uvJwGt3Jzxp6bydxCcfGzDpVZbyptkfUdXieku3vYXvCj6W6Adf8K58l5msx\nYL4OsR8m9P6X+XAz8ZfSKbbQh6q7NIkkBgYKhohwrA+QVMCqrQNf+v0oVQbradyD\nKcaUDZ059beCJtfQHf55wWZGbAcusA==\n-----END PRIVATE KEY-----\n",
            "public_key_fingerprint_md5": "71:a3:0d:fa:84:2d:46:9d:e1:38:59:1a:7d:c5:66:a4",
            "public_key_fingerprint_sha256": "SHA256:oYpCIYmZrBAG+d3LiTpQOl9VwjODB2MQd/cmkjPY5Bo",
            "public_key_openssh": "ssh-rsa AAAAB3NzaC1yc2EAAAADAQABAAACAQCnqHyBAKqWJOFhnApciALIWP6LLkqbm7JFt9/oj7mkwVRU0bsBsvKW+/misgFnXzOsy4516Od2Jy8jCaM4W1mwRzVceJnWp7oorV6sv4fmygSFbIEK4RlUk9V/KFJxrJFWy6kaGyHyYYbFZfUxjZ1t59e6CrYVEDk7RsaJsvepBX5mdFZhIVLjF7PoiUEj/+j/TTmHiBK43QZXxtY1noXRZs4gm5sncB/LHYVCc3KDx9jnk5wJU3u2MugdiyEBLC49L8T0FEJ5QjlbfkZYBe7WLAh6vPyDyHpJwIh0QNUwYJg5jKxjUCCiCgowJF+akxRWbsm7grQhJQZWmZRwXzRYuIRk3T0C1nXn4nraodE8EpXMkdojEdz2lMcU2alTRi89379YaiYLqsfIE5MDWntZpiXYsFSswIS75xHV6qkRx9/L7ZQAddoEXhk2EkZLcMHnJUQTho4t1f5Dm7CmIkEyE/qGlHC/t7zDdabtrHXnDPCz2p/yNa9T0YMxBjI+s0Qx9IC6QVRR6HBpzkE/+QMTRht6tIWXAo3HZgFI8xSSvpjmivQpz7dKKZY4SSX+qDQbITynLK9o0N+kKr0F2qGsjiXT5RtavyorE1mXsSgBkVl2ubfotjZ1+x8JJ6SILCIBOU9KsRoglPsQUAywfX8X73Y5Y4OrurWrWirkXynsLQ==\n",
            "public_key_pem": "-----BEGIN PUBLIC KEY-----\nMIICIjANBgkqhkiG9w0BAQEFAAOCAg8AMIICCgKCAgEAp6h8gQCqliThYZwKXIgC\nyFj+iy5Km5uyRbff6I+5pMFUVNG7AbLylvv5orIBZ18zrMuOdejndicvIwmjOFtZ\nsEc1XHiZ1qe6KK1erL+H5soEhWyBCuEZVJPVfyhScayRVsupGhsh8mGGxWX1MY2d\nbefXugq2FRA5O0bGibL3qQV+ZnRWYSFS4xez6IlBI//o/005h4gSuN0GV8bWNZ6F\n0WbOIJubJ3Afyx2FQnNyg8fY55OcCVN7tjLoHYshASwuPS/E9BRCeUI5W35GWAXu\n1iwIerz8g8h6ScCIdEDVMGCYOYysY1AgogoKMCRfmpMUVm7Ju4K0ISUGVpmUcF80\nWLiEZN09AtZ15+J62qHRPBKVzJHaIxHc9pTHFNmpU0YvPd+/WGomC6rHyBOTA1p7\nWaYl2LBUrMCEu+cR1eqpEcffy+2UAHXaBF4ZNhJGS3DB5yVEE4aOLdX+Q5uwpiJB\nMhP6hpRwv7e8w3Wm7ax15wzws9qf8jWvU9GDMQYyPrNEMfSAukFUUehwac5BP/kD\nE0YberSFlwKNx2YBSPMUkr6Y5or0Kc+3SimWOEkl/qg0GyE8pyyvaNDfpCq9Bdqh\nrI4l0+UbWr8qKxNZl7EoAZFZdrm36LY2dfsfCSekiCwiATlPSrEaIJT7EFAMsH1/\nF+92OWODq7q1q1oq5F8p7C0CAwEAAQ==\n-----END PUBLIC KEY-----\n",
            "rsa_bits": 4096
          },
          "sensitive_attributes": [
            [
              {
                "type": "get_attr",
                "value": "private_key_openssh"
              }
            ],
            [
              {
                "type": "get_attr",
                "value": "private_key_pem"
              }
            ],
            [
              {
                "type": "get_attr",
                "value": "private_key_pem_pkcs8"
              }
            ]
          ],
          "identity_schema_version": 0
        }
      ]
    },
    {
      "module": "module.launch_template",
      "mode": "managed",
      "type": "aws_launch_template",
      "name": "jenkins_agent",
      "provider": "provider[\"registry.terraform.io/hashicorp/aws\"]",
      "instances": [
        {
          "schema_version": 0,
          "attributes": {
            "arn": "arn:aws:ec2:ap-south-1:891612588918:launch-template/lt-0fc50353d442eafa3",
            "block_device_mappings": [],
            "capacity_reservation_specification": [],
            "cpu_options": [],
            "credit_specification": [],
            "default_version": 1,
            "description": "Launch template for Jenkins auto-scaling agents",
            "disable_api_stop": false,
            "disable_api_termination": false,
            "ebs_optimized": "",
            "elastic_gpu_specifications": [],
            "elastic_inference_accelerator": [],
            "enclave_options": [],
            "hibernation_options": [],
            "iam_instance_profile": [
              {
                "arn": "",
                "name": "jenkins-autoscaling-agent-profile"
              }
            ],
            "id": "lt-0fc50353d442eafa3",
            "image_id": "ami-0c02fb55956c7d316",
            "instance_initiated_shutdown_behavior": "",
            "instance_market_options": [],
            "instance_requirements": [],
            "instance_type": "t3.micro",
            "kernel_id": "",
            "key_name": "jenkins-autoscaling-key",
            "latest_version": 1,
            "license_specification": [],
            "maintenance_options": [],
            "metadata_options": [],
            "monitoring": [],
            "name": "jenkins-autoscaling-agent-template",
            "name_prefix": "",
            "network_interfaces": [
              {
                "associate_carrier_ip_address": "",
                "associate_public_ip_address": "true",
                "connection_tracking_specification": [],
                "delete_on_termination": "true",
                "description": "",
                "device_index": 0,
                "ena_srd_specification": [],
                "interface_type": "",
                "ipv4_address_count": 0,
                "ipv4_addresses": null,
                "ipv4_prefix_count": 0,
                "ipv4_prefixes": null,
                "ipv6_address_count": 0,
                "ipv6_addresses": null,
                "ipv6_prefix_count": 0,
                "ipv6_prefixes": null,
                "network_card_index": 0,
                "network_interface_id": "",
                "primary_ipv6": "",
                "private_ip_address": "",
                "security_groups": [
                  "sg-0013a629b0641f2a8"
                ],
                "subnet_id": ""
              }
            ],
            "placement": [],
            "private_dns_name_options": [],
            "ram_disk_id": "",
            "security_group_names": null,
            "tag_specifications": [
              {
                "resource_type": "instance",
                "tags": {
                  "AutoAgent": "true",
                  "ManagedBy": "Jenkins",
                  "Name": "jenkins-autoscaling-agent",
                  "Project": "jenkins-autoscaling"
                }
              },
              {
                "resource_type": "volume",
                "tags": {
                  "AutoAgent": "true",
                  "Name": "jenkins-autoscaling-agent-volume",
                  "Project": "jenkins-autoscaling"
                }
              }
            ],
            "tags": {
              "Name": "jenkins-autoscaling-agent-template",
              "Project": "jenkins-autoscaling"
            },
            "tags_all": {
              "Name": "jenkins-autoscaling-agent-template",
              "Project": "jenkins-autoscaling"
            },
            "update_default_version": null,
            "user_data": "IyEvYmluL2Jhc2gKc2V0IC1lCgojIFVwZGF0ZSBzeXN0ZW0KYXB0IHVwZGF0ZSAteQphcHQgdXBncmFkZSAteQoKIyBJbnN0YWxsIEphdmEgMTcgKHJlcXVpcmVkIGZvciBKZW5raW5zIGFnZW50KQphcHQgaW5zdGFsbCAteSBvcGVuamRrLTE3LWpkawoKIyBJbnN0YWxsIEdpdAphcHQgaW5zdGFsbCAteSBnaXQKCiMgSW5zdGFsbCBEb2NrZXIKYXB0IGluc3RhbGwgLXkgZG9ja2VyLmlvCnN5c3RlbWN0bCBzdGFydCBkb2NrZXIKc3lzdGVtY3RsIGVuYWJsZSBkb2NrZXIKCiMgQWRkIHVidW50dSB1c2VyIHRvIGRvY2tlciBncm91cAp1c2VybW9kIC1hRyBkb2NrZXIgdWJ1bnR1CgojIEluc3RhbGwgTm9kZS5qcyAob3B0aW9uYWwsIGZvciBOb2RlLmpzIHByb2plY3RzKQpjdXJsIC1mc1NMIGh0dHBzOi8vZGViLm5vZGVzb3VyY2UuY29tL3NldHVwXzIwLnggfCBiYXNoIC0KYXB0IGluc3RhbGwgLXkgbm9kZWpzCgojIENyZWF0ZSBKZW5raW5zIGFnZW50IGRpcmVjdG9yeQpta2RpciAtcCAvaG9tZS91YnVudHUvYWdlbnQKY2hvd24gdWJ1bnR1OnVidW50dSAvaG9tZS91YnVudHUvYWdlbnQKCiMgSW5zdGFsbCBhZGRpdGlvbmFsIHRvb2xzCmFwdCBpbnN0YWxsIC15IGN1cmwgd2dldCB1bnppcAoKIyBDbGVhbiB1cAphcHQgYXV0b3JlbW92ZSAteQphcHQgY2xlYW4KCmVjaG8gIkplbmtpbnMgYWdlbnQgc2V0dXAgY29tcGxldGUiCg==",
            "vpc_security_group_ids": null
          },
          "sensitive_attributes": [],
          "identity_schema_version": 0,
          "private": "bnVsbA==",
          "dependencies": [
            "module.iam.aws_iam_instance_profile.jenkins_agent",
            "module.iam.aws_iam_role.jenkins_agent",
            "module.keypair.aws_key_pair.jenkins_key",
            "module.keypair.tls_private_key.jenkins_key",
            "module.security_groups.aws_security_group.jenkins_agent",
            "module.vpc.aws_vpc.main"
          ]
        }
      ]
    },
    {
      "module": "module.security_groups",
      "mode": "managed",
      "type": "aws_security_group",
      "name": "jenkins_agent",
      "provider": "provider[\"registry.terraform.io/hashicorp/aws\"]",
      "instances": [
        {
          "schema_version": 1,
          "attributes": {
            "arn": "arn:aws:ec2:ap-south-1:891612588918:security-group/sg-0013a629b0641f2a8",
            "description": "Security group for Jenkins auto-scaling agents",
            "egress": [
              {
                "cidr_blocks": [
                  "0.0.0.0/0"
                ],
                "description": "Allow all outbound traffic",
                "from_port": 0,
                "ipv6_cidr_blocks": [],
                "prefix_list_ids": [],
                "protocol": "-1",
                "security_groups": [],
                "self": false,
                "to_port": 0
              }
            ],
            "id": "sg-0013a629b0641f2a8",
            "ingress": [
              {
                "cidr_blocks": [
                  "0.0.0.0/0"
                ],
                "description": "SSH from Jenkins Master",
                "from_port": 22,
                "ipv6_cidr_blocks": [],
                "prefix_list_ids": [],
                "protocol": "tcp",
                "security_groups": [],
                "self": false,
                "to_port": 22
              }
            ],
            "name": "jenkins-autoscaling-agent-sg",
            "name_prefix": "",
            "owner_id": "891612588918",
            "revoke_rules_on_delete": false,
            "tags": {
              "Name": "jenkins-autoscaling-agent-sg",
              "Project": "jenkins-autoscaling"
            },
            "tags_all": {
              "Name": "jenkins-autoscaling-agent-sg",
              "Project": "jenkins-autoscaling"
            },
            "timeouts": null,
            "vpc_id": "vpc-078e609cfaf4f098c"
          },
          "sensitive_attributes": [],
          "identity_schema_version": 0,
          "private": "eyJlMmJmYjczMC1lY2FhLTExZTYtOGY4OC0zNDM2M2JjN2M0YzAiOnsiY3JlYXRlIjo2MDAwMDAwMDAwMDAsImRlbGV0ZSI6OTAwMDAwMDAwMDAwfSwic2NoZW1hX3ZlcnNpb24iOiIxIn0=",
          "dependencies": [
            "module.vpc.aws_vpc.main"
          ]
        }
      ]
    },
    {
      "module": "module.vpc",
      "mode": "data",
      "type": "aws_availability_zones",
      "name": "available",
      "provider": "provider[\"registry.terraform.io/hashicorp/aws\"]",
      "instances": [
        {
          "schema_version": 0,
          "attributes": {
            "all_availability_zones": null,
            "exclude_names": null,
            "exclude_zone_ids": null,
            "filter": null,
            "group_names": [
              "ap-south-1-zg-1"
            ],
            "id": "ap-south-1",
            "names": [
              "ap-south-1a",
              "ap-south-1b",
              "ap-south-1c"
            ],
            "state": "available",
            "timeouts": null,
            "zone_ids": [
              "aps1-az1",
              "aps1-az3",
              "aps1-az2"
            ]
          },
          "sensitive_attributes": [],
          "identity_schema_version": 0
        }
      ]
    },
    {
      "module": "module.vpc",
      "mode": "managed",
      "type": "aws_internet_gateway",
      "name": "main",
      "provider": "provider[\"registry.terraform.io/hashicorp/aws\"]",
      "instances": [
        {
          "schema_version": 0,
          "attributes": {
            "arn": "arn:aws:ec2:ap-south-1:891612588918:internet-gateway/igw-05296c5e5108df0e0",
            "id": "igw-05296c5e5108df0e0",
            "owner_id": "891612588918",
            "tags": {
              "Name": "jenkins-autoscaling-igw",
              "Project": "jenkins-autoscaling"
            },
            "tags_all": {
              "Name": "jenkins-autoscaling-igw",
              "Project": "jenkins-autoscaling"
            },
            "timeouts": null,
            "vpc_id": "vpc-078e609cfaf4f098c"
          },
          "sensitive_attributes": [],
          "identity_schema_version": 0,
          "private": "eyJlMmJmYjczMC1lY2FhLTExZTYtOGY4OC0zNDM2M2JjN2M0YzAiOnsiY3JlYXRlIjoxMjAwMDAwMDAwMDAwLCJkZWxldGUiOjEyMDAwMDAwMDAwMDAsInVwZGF0ZSI6MTIwMDAwMDAwMDAwMH19",
          "dependencies": [
            "module.vpc.aws_vpc.main"
          ]
        }
      ]
    },
    {
      "module": "module.vpc",
      "mode": "managed",
      "type": "aws_route_table",
      "name": "public",
      "provider": "provider[\"registry.terraform.io/hashicorp/aws\"]",
      "instances": [
        {
          "schema_version": 0,
          "attributes": {
            "arn": "arn:aws:ec2:ap-south-1:891612588918:route-table/rtb-0aa150585f3981927",
            "id": "rtb-0aa150585f3981927",
            "owner_id": "891612588918",
            "propagating_vgws": [],
            "route": [
              {
                "carrier_gateway_id": "",
                "cidr_block": "0.0.0.0/0",
                "core_network_arn": "",
                "destination_prefix_list_id": "",
                "egress_only_gateway_id": "",
                "gateway_id": "igw-05296c5e5108df0e0",
                "ipv6_cidr_block": "",
                "local_gateway_id": "",
                "nat_gateway_id": "",
                "network_interface_id": "",
                "transit_gateway_id": "",
                "vpc_endpoint_id": "",
                "vpc_peering_connection_id": ""
              }
            ],
            "tags": {
              "Name": "jenkins-autoscaling-public-rt",
              "Project": "jenkins-autoscaling"
            },
            "tags_all": {
              "Name": "jenkins-autoscaling-public-rt",
              "Project": "jenkins-autoscaling"
            },
            "timeouts": null,
            "vpc_id": "vpc-078e609cfaf4f098c"
          },
          "sensitive_attributes": [],
          "identity_schema_version": 0,
          "private": "eyJlMmJmYjczMC1lY2FhLTExZTYtOGY4OC0zNDM2M2JjN2M0YzAiOnsiY3JlYXRlIjozMDAwMDAwMDAwMDAsImRlbGV0ZSI6MzAwMDAwMDAwMDAwLCJ1cGRhdGUiOjEyMDAwMDAwMDAwMH19",
          "dependencies": [
            "module.vpc.aws_internet_gateway.main",
            "module.vpc.aws_vpc.main"
          ]
        }
      ]
    },
    {
      "module": "module.vpc",
      "mode": "managed",
      "type": "aws_route_table_association",
      "name": "public",
      "provider": "provider[\"registry.terraform.io/hashicorp/aws\"]",
      "instances": [
        {
          "index_key": 0,
          "schema_version": 0,
          "attributes": {
            "gateway_id": "",
            "id": "rtbassoc-00d9fa77a7e2fd870",
            "route_table_id": "rtb-0aa150585f3981927",
            "subnet_id": "subnet-09b8fbd85c11f8587",
            "timeouts": null
          },
          "sensitive_attributes": [],
          "identity_schema_version": 0,
          "private": "eyJlMmJmYjczMC1lY2FhLTExZTYtOGY4OC0zNDM2M2JjN2M0YzAiOnsiY3JlYXRlIjozMDAwMDAwMDAwMDAsImRlbGV0ZSI6MzAwMDAwMDAwMDAwLCJ1cGRhdGUiOjEyMDAwMDAwMDAwMH19",
          "dependencies": [
            "module.vpc.aws_internet_gateway.main",
            "module.vpc.aws_route_table.public",
            "module.vpc.aws_subnet.public",
            "module.vpc.aws_vpc.main",
            "module.vpc.data.aws_availability_zones.available"
          ]
        },
        {
          "index_key": 1,
          "schema_version": 0,
          "attributes": {
            "gateway_id": "",
            "id": "rtbassoc-070979d3ab9e6589b",
            "route_table_id": "rtb-0aa150585f3981927",
            "subnet_id": "subnet-0230934c37f6f1e1c",
            "timeouts": null
          },
          "sensitive_attributes": [],
          "identity_schema_version": 0,
          "private": "eyJlMmJmYjczMC1lY2FhLTExZTYtOGY4OC0zNDM2M2JjN2M0YzAiOnsiY3JlYXRlIjozMDAwMDAwMDAwMDAsImRlbGV0ZSI6MzAwMDAwMDAwMDAwLCJ1cGRhdGUiOjEyMDAwMDAwMDAwMH19",
          "dependencies": [
            "module.vpc.aws_internet_gateway.main",
            "module.vpc.aws_route_table.public",
            "module.vpc.aws_subnet.public",
            "module.vpc.aws_vpc.main",
            "module.vpc.data.aws_availability_zones.available"
          ]
        }
      ]
    },
    {
      "module": "module.vpc",
      "mode": "managed",
      "type": "aws_subnet",
      "name": "public",
      "provider": "provider[\"registry.terraform.io/hashicorp/aws\"]",
      "instances": [
        {
          "index_key": 0,
          "schema_version": 1,
          "attributes": {
            "arn": "arn:aws:ec2:ap-south-1:891612588918:subnet/subnet-09b8fbd85c11f8587",
            "assign_ipv6_address_on_creation": false,
            "availability_zone": "ap-south-1a",
            "availability_zone_id": "aps1-az1",
            "cidr_block": "10.0.0.0/24",
            "customer_owned_ipv4_pool": "",
            "enable_dns64": false,
            "enable_lni_at_device_index": 0,
            "enable_resource_name_dns_a_record_on_launch": false,
            "enable_resource_name_dns_aaaa_record_on_launch": false,
            "id": "subnet-09b8fbd85c11f8587",
            "ipv6_cidr_block": "",
            "ipv6_cidr_block_association_id": "",
            "ipv6_native": false,
            "map_customer_owned_ip_on_launch": false,
            "map_public_ip_on_launch": true,
            "outpost_arn": "",
            "owner_id": "891612588918",
            "private_dns_hostname_type_on_launch": "ip-name",
            "tags": {
              "Name": "jenkins-autoscaling-public-subnet-1",
              "Project": "jenkins-autoscaling"
            },
            "tags_all": {
              "Name": "jenkins-autoscaling-public-subnet-1",
              "Project": "jenkins-autoscaling"
            },
            "timeouts": null,
            "vpc_id": "vpc-078e609cfaf4f098c"
          },
          "sensitive_attributes": [],
          "identity_schema_version": 0,
          "private": "eyJlMmJmYjczMC1lY2FhLTExZTYtOGY4OC0zNDM2M2JjN2M0YzAiOnsiY3JlYXRlIjo2MDAwMDAwMDAwMDAsImRlbGV0ZSI6MTIwMDAwMDAwMDAwMH0sInNjaGVtYV92ZXJzaW9uIjoiMSJ9",
          "dependencies": [
            "module.vpc.aws_vpc.main",
            "module.vpc.data.aws_availability_zones.available"
          ]
        },
        {
          "index_key": 1,
          "schema_version": 1,
          "attributes": {
            "arn": "arn:aws:ec2:ap-south-1:891612588918:subnet/subnet-0230934c37f6f1e1c",
            "assign_ipv6_address_on_creation": false,
            "availability_zone": "ap-south-1b",
            "availability_zone_id": "aps1-az3",
            "cidr_block": "10.0.1.0/24",
            "customer_owned_ipv4_pool": "",
            "enable_dns64": false,
            "enable_lni_at_device_index": 0,
            "enable_resource_name_dns_a_record_on_launch": false,
            "enable_resource_name_dns_aaaa_record_on_launch": false,
            "id": "subnet-0230934c37f6f1e1c",
            "ipv6_cidr_block": "",
            "ipv6_cidr_block_association_id": "",
            "ipv6_native": false,
            "map_customer_owned_ip_on_launch": false,
            "map_public_ip_on_launch": true,
            "outpost_arn": "",
            "owner_id": "891612588918",
            "private_dns_hostname_type_on_launch": "ip-name",
            "tags": {
              "Name": "jenkins-autoscaling-public-subnet-2",
              "Project": "jenkins-autoscaling"
            },
            "tags_all": {
              "Name": "jenkins-autoscaling-public-subnet-2",
              "Project": "jenkins-autoscaling"
            },
            "timeouts": null,
            "vpc_id": "vpc-078e609cfaf4f098c"
          },
          "sensitive_attributes": [],
          "identity_schema_version": 0,
          "private": "eyJlMmJmYjczMC1lY2FhLTExZTYtOGY4OC0zNDM2M2JjN2M0YzAiOnsiY3JlYXRlIjo2MDAwMDAwMDAwMDAsImRlbGV0ZSI6MTIwMDAwMDAwMDAwMH0sInNjaGVtYV92ZXJzaW9uIjoiMSJ9",
          "dependencies": [
            "module.vpc.aws_vpc.main",
            "module.vpc.data.aws_availability_zones.available"
          ]
        }
      ]
    },
    {
      "module": "module.vpc",
      "mode": "managed",
      "type": "aws_vpc",
      "name": "main",
      "provider": "provider[\"registry.terraform.io/hashicorp/aws\"]",
      "instances": [
        {
          "schema_version": 1,
          "attributes": {
            "arn": "arn:aws:ec2:ap-south-1:891612588918:vpc/vpc-078e609cfaf4f098c",
            "assign_generated_ipv6_cidr_block": false,
            "cidr_block": "10.0.0.0/16",
            "default_network_acl_id": "acl-03e6712d532de82f6",
            "default_route_table_id": "rtb-013c50d98e3cd2f26",
            "default_security_group_id": "sg-0ab92938fad95dd11",
            "dhcp_options_id": "dopt-0fe12831901ad4e53",
            "enable_dns_hostnames": true,
            "enable_dns_support": true,
            "enable_network_address_usage_metrics": false,
            "id": "vpc-078e609cfaf4f098c",
            "instance_tenancy": "default",
            "ipv4_ipam_pool_id": null,
            "ipv4_netmask_length": null,
            "ipv6_association_id": "",
            "ipv6_cidr_block": "",
            "ipv6_cidr_block_network_border_group": "",
            "ipv6_ipam_pool_id": "",
            "ipv6_netmask_length": 0,
            "main_route_table_id": "rtb-013c50d98e3cd2f26",
            "owner_id": "891612588918",
            "tags": {
              "Name": "jenkins-autoscaling-vpc",
              "Project": "jenkins-autoscaling"
            },
            "tags_all": {
              "Name": "jenkins-autoscaling-vpc",
              "Project": "jenkins-autoscaling"
            }
          },
          "sensitive_attributes": [],
          "identity_schema_version": 0,
          "private": "eyJzY2hlbWFfdmVyc2lvbiI6IjEifQ=="
        }
      ]
    }
  ],
  "check_results": null
}
